{
  "name": "claudestream",
  "version": "0.12.1",
  "lockfileVersion": 3,
  "requires": true,
  "packages": {
    "": {
      "name": "claudestream",
      "version": "0.12.1",
      "license": "MIT",
      "bin": {
        "claudestream": "bin/claudestream.mjs"
      },
      "engines": {
        "node": ">=18"
      }
    }
  }
}
